
Microsoft Visual Studio Solution File, Format Version 12.00
# Visual Studio Version 17
VisualStudioVersion = 17.14.36414.22 d17.14
MinimumVisualStudioVersion = 10.0.40219.1
Project("{FAE04EC0-301F-11D3-BF4B-00C04F79EFBC}") = "RSBilling.API", "RSBilling.API\RSBilling.API.csproj", "{03A3EB45-CF4C-4F61-BE41-8BB909BB372D}"
EndProject
Project("{FAE04EC0-301F-11D3-BF4B-00C04F79EFBC}") = "RSBilling.Domain", "RSBilling.Domain\RSBilling.Domain.csproj", "{0AAC3E4A-B12A-40A8-B731-A32A3D1E3AFA}"
EndProject
Project("{FAE04EC0-301F-11D3-BF4B-00C04F79EFBC}") = "RSBilling.Infrastructure", "RSBilling.Infrastructure\RSBilling.Infrastructure.csproj", "{54B697D6-D8B0-490D-9375-FF9BC4863245}"
EndProject
Project("{FAE04EC0-301F-11D3-BF4B-00C04F79EFBC}") = "RSBilling.Web", "RSBilling.Web\RSBilling.Web.csproj", "{6932C03E-001A-4799-921F-11F1B7AD808E}"
EndProject
Global
	GlobalSection(SolutionConfigurationPlatforms) = preSolution
		Debug|Any CPU = Debug|Any CPU
		Release|Any CPU = Release|Any CPU
	EndGlobalSection
	GlobalSection(ProjectConfigurationPlatforms) = postSolution
		{03A3EB45-CF4C-4F61-BE41-8BB909BB372D}.Debug|Any CPU.ActiveCfg = Debug|Any CPU
		{03A3EB45-CF4C-4F61-BE41-8BB909BB372D}.Debug|Any CPU.Build.0 = Debug|Any CPU
		{03A3EB45-CF4C-4F61-BE41-8BB909BB372D}.Release|Any CPU.ActiveCfg = Release|Any CPU
		{03A3EB45-CF4C-4F61-BE41-8BB909BB372D}.Release|Any CPU.Build.0 = Release|Any CPU
		{0AAC3E4A-B12A-40A8-B731-A32A3D1E3AFA}.Debug|Any CPU.ActiveCfg = Debug|Any CPU
		{0AAC3E4A-B12A-40A8-B731-A32A3D1E3AFA}.Debug|Any CPU.Build.0 = Debug|Any CPU
		{0AAC3E4A-B12A-40A8-B731-A32A3D1E3AFA}.Release|Any CPU.ActiveCfg = Release|Any CPU
		{0AAC3E4A-B12A-40A8-B731-A32A3D1E3AFA}.Release|Any CPU.Build.0 = Release|Any CPU
		{54B697D6-D8B0-490D-9375-FF9BC4863245}.Debug|Any CPU.ActiveCfg = Debug|Any CPU
		{54B697D6-D8B0-490D-9375-FF9BC4863245}.Debug|Any CPU.Build.0 = Debug|Any CPU
		{54B697D6-D8B0-490D-9375-FF9BC4863245}.Release|Any CPU.ActiveCfg = Release|Any CPU
		{54B697D6-D8B0-490D-9375-FF9BC4863245}.Release|Any CPU.Build.0 = Release|Any CPU
		{6932C03E-001A-4799-921F-11F1B7AD808E}.Debug|Any CPU.ActiveCfg = Debug|Any CPU
		{6932C03E-001A-4799-921F-11F1B7AD808E}.Debug|Any CPU.Build.0 = Debug|Any CPU
		{6932C03E-001A-4799-921F-11F1B7AD808E}.Release|Any CPU.ActiveCfg = Release|Any CPU
		{6932C03E-001A-4799-921F-11F1B7AD808E}.Release|Any CPU.Build.0 = Release|Any CPU
	EndGlobalSection
	GlobalSection(SolutionProperties) = preSolution
		HideSolutionNode = FALSE
	EndGlobalSection
	GlobalSection(ExtensibilityGlobals) = postSolution
		SolutionGuid = {776C2F39-2C9A-44A6-819F-E8478D6964D8}
	EndGlobalSection
EndGlobal
